
Microsoft Visual Studio Solution File, Format Version 12.00
# Visual Studio Version 17
VisualStudioVersion = 17.4.33205.214
MinimumVisualStudioVersion = 10.0.40219.1
Project("{FAE04EC0-301F-11D3-BF4B-00C04F79EFBC}") = "RegisterMultipleInterfacesInDIContainer", "RegisterMultipleInterfacesInDIContainer.csproj", "{016B17CB-84F4-4DC5-B594-95FFBE6C7EA1}"
EndProject
Global
	GlobalSection(SolutionConfigurationPlatforms) = preSolution
		Debug|Any CPU = Debug|Any CPU
		Release|Any CPU = Release|Any CPU
	EndGlobalSection
	GlobalSection(ProjectConfigurationPlatforms) = postSolution
		{016B17CB-84F4-4DC5-B594-95FFBE6C7EA1}.Debug|Any CPU.ActiveCfg = Debug|Any CPU
		{016B17CB-84F4-4DC5-B594-95FFBE6C7EA1}.Debug|Any CPU.Build.0 = Debug|Any CPU
		{016B17CB-84F4-4DC5-B594-95FFBE6C7EA1}.Release|Any CPU.ActiveCfg = Release|Any CPU
		{016B17CB-84F4-4DC5-B594-95FFBE6C7EA1}.Release|Any CPU.Build.0 = Release|Any CPU
	EndGlobalSection
	GlobalSection(SolutionProperties) = preSolution
		HideSolutionNode = FALSE
	EndGlobalSection
	GlobalSection(ExtensibilityGlobals) = postSolution
		SolutionGuid = {27051355-5102-4390-807B-4EF4721884CA}
	EndGlobalSection
EndGlobal
